# This file is automatically @generated by Poetry and should not be changed by hand.

[[package]]
name = "appnope"
version = "0.1.3"
description = "Disable App Nap on macOS >= 10.9"
category = "dev"
optional = false
python-versions = "*"
files = [
    {file = "appnope-0.1.3-py2.py3-none-any.whl", hash = "sha256:265a455292d0bd8a72453494fa24df5a11eb18373a60c7c0430889f22548605e"},
    {file = "appnope-0.1.3.tar.gz", hash = "sha256:02bd91c4de869fbb1e1c50aafc4098827a7a54ab2f39d9dcba6c9547ed920e24"},
]

[[package]]
name = "astor"
version = "0.8.1"
description = "Read/rewrite/write Python ASTs"
category = "main"
optional = false
python-versions = "!=3.0.*,!=3.1.*,!=3.2.*,!=3.3.*,>=2.7"
files = [
    {file = "astor-0.8.1-py2.py3-none-any.whl", hash = "sha256:070a54e890cefb5b3739d19f30f5a5ec840ffc9c50ffa7d23cc9fc1a38ebbfc5"},
    {file = "astor-0.8.1.tar.gz", hash = "sha256:6a6effda93f4e1ce9f618779b2dd1d9d84f1e32812c23a29b3fff6fd7f63fa5e"},
]

[[package]]
name = "asttokens"
version = "2.2.1"
description = "Annotate AST trees with source code positions"
category = "dev"
optional = false
python-versions = "*"
files = [
    {file = "asttokens-2.2.1-py2.py3-none-any.whl", hash = "sha256:6b0ac9e93fb0335014d382b8fa9b3afa7df546984258005da0b9e7095b3deb1c"},
    {file = "asttokens-2.2.1.tar.gz", hash = "sha256:4622110b2a6f30b77e1473affaa97e711bc2f07d3f10848420ff1898edbe94f3"},
]

[package.dependencies]
six = "*"

[package.extras]
test = ["astroid", "pytest"]

[[package]]
name = "attrs"
version = "22.2.0"
description = "Classes Without Boilerplate"
category = "dev"
optional = false
python-versions = ">=3.6"
files = [
    {file = "attrs-22.2.0-py3-none-any.whl", hash = "sha256:29e95c7f6778868dbd49170f98f8818f78f3dc5e0e37c0b1f474e3561b240836"},
    {file = "attrs-22.2.0.tar.gz", hash = "sha256:c9227bfc2f01993c03f68db37d1d15c9690188323c067c641f1a35ca58185f99"},
]

[package.extras]
cov = ["attrs[tests]", "coverage-enable-subprocess", "coverage[toml] (>=5.3)"]
dev = ["attrs[docs,tests]"]
docs = ["furo", "myst-parser", "sphinx", "sphinx-notfound-page", "sphinxcontrib-towncrier", "towncrier", "zope.interface"]
tests = ["attrs[tests-no-zope]", "zope.interface"]
tests-no-zope = ["cloudpickle", "cloudpickle", "hypothesis", "hypothesis", "mypy (>=0.971,<0.990)", "mypy (>=0.971,<0.990)", "pympler", "pympler", "pytest (>=4.3.0)", "pytest (>=4.3.0)", "pytest-mypy-plugins", "pytest-mypy-plugins", "pytest-xdist[psutil]", "pytest-xdist[psutil]"]

[[package]]
name = "backcall"
version = "0.2.0"
description = "Specifications for callback functions passed in to an API"
category = "dev"
optional = false
python-versions = "*"
files = [
    {file = "backcall-0.2.0-py2.py3-none-any.whl", hash = "sha256:fbbce6a29f263178a1f7915c1940bde0ec2b2a967566fe1c65c1dfb7422bd255"},
    {file = "backcall-0.2.0.tar.gz", hash = "sha256:5cbdbf27be5e7cfadb448baf0aa95508f91f2bbc6c6437cd9cd06e2a4c215e1e"},
]

[[package]]
name = "cfgv"
version = "3.3.1"
description = "Validate configuration and produce human readable error messages."
category = "dev"
optional = false
python-versions = ">=3.6.1"
files = [
    {file = "cfgv-3.3.1-py2.py3-none-any.whl", hash = "sha256:c6a0883f3917a037485059700b9e75da2464e6c27051014ad85ba6aaa5884426"},
    {file = "cfgv-3.3.1.tar.gz", hash = "sha256:f5a830efb9ce7a445376bb66ec94c638a9787422f96264c98edc6bdeed8ab736"},
]

[[package]]
name = "classify-imports"
version = "4.2.0"
description = "Utilities for refactoring imports in python-like syntax."
category = "main"
optional = false
python-versions = ">=3.7"
files = [
    {file = "classify_imports-4.2.0-py2.py3-none-any.whl", hash = "sha256:dbbc264b70a470ed8c6c95976a11dfb8b7f63df44ed1af87328bbed2663f5161"},
    {file = "classify_imports-4.2.0.tar.gz", hash = "sha256:7abfb7ea92149b29d046bd34573d247ba6e68cc28100c801eba4af17964fc40e"},
]

[[package]]
name = "colorama"
version = "0.4.6"
description = "Cross-platform colored terminal text."
category = "dev"
optional = false
python-versions = "!=3.0.*,!=3.1.*,!=3.2.*,!=3.3.*,!=3.4.*,!=3.5.*,!=3.6.*,>=2.7"
files = [
    {file = "colorama-0.4.6-py2.py3-none-any.whl", hash = "sha256:4f1d9991f5acc0ca119f9d443620b77f9d6b33703e51011c16baf57afb285fc6"},
    {file = "colorama-0.4.6.tar.gz", hash = "sha256:08695f5cb7ed6e0531a20572697297273c47b8cae5a63ffc6d6ed5c201be6e44"},
]

[[package]]
name = "coverage"
version = "7.1.0"
description = "Code coverage measurement for Python"
category = "dev"
optional = false
python-versions = ">=3.7"
files = [
    {file = "coverage-7.1.0-cp310-cp310-macosx_10_9_x86_64.whl", hash = "sha256:3b946bbcd5a8231383450b195cfb58cb01cbe7f8949f5758566b881df4b33baf"},
    {file = "coverage-7.1.0-cp310-cp310-macosx_11_0_arm64.whl", hash = "sha256:ec8e767f13be637d056f7e07e61d089e555f719b387a7070154ad80a0ff31801"},
    {file = "coverage-7.1.0-cp310-cp310-manylinux_2_17_aarch64.manylinux2014_aarch64.whl", hash = "sha256:d4a5a5879a939cb84959d86869132b00176197ca561c664fc21478c1eee60d75"},
    {file = "coverage-7.1.0-cp310-cp310-manylinux_2_5_i686.manylinux1_i686.manylinux_2_17_i686.manylinux2014_i686.whl", hash = "sha256:b643cb30821e7570c0aaf54feaf0bfb630b79059f85741843e9dc23f33aaca2c"},
    {file = "coverage-7.1.0-cp310-cp310-manylinux_2_5_x86_64.manylinux1_x86_64.manylinux_2_17_x86_64.manylinux2014_x86_64.whl", hash = "sha256:32df215215f3af2c1617a55dbdfb403b772d463d54d219985ac7cd3bf124cada"},
    {file = "coverage-7.1.0-cp310-cp310-musllinux_1_1_aarch64.whl", hash = "sha256:33d1ae9d4079e05ac4cc1ef9e20c648f5afabf1a92adfaf2ccf509c50b85717f"},
    {file = "coverage-7.1.0-cp310-cp310-musllinux_1_1_i686.whl", hash = "sha256:29571503c37f2ef2138a306d23e7270687c0efb9cab4bd8038d609b5c2393a3a"},
    {file = "coverage-7.1.0-cp310-cp310-musllinux_1_1_x86_64.whl", hash = "sha256:63ffd21aa133ff48c4dff7adcc46b7ec8b565491bfc371212122dd999812ea1c"},
    {file = "coverage-7.1.0-cp310-cp310-win32.whl", hash = "sha256:4b14d5e09c656de5038a3f9bfe5228f53439282abcab87317c9f7f1acb280352"},
    {file = "coverage-7.1.0-cp310-cp310-win_amd64.whl", hash = "sha256:8361be1c2c073919500b6601220a6f2f98ea0b6d2fec5014c1d9cfa23dd07038"},
    {file = "coverage-7.1.0-cp311-cp311-macosx_10_9_x86_64.whl", hash = "sha256:da9b41d4539eefd408c46725fb76ecba3a50a3367cafb7dea5f250d0653c1040"},
    {file = "coverage-7.1.0-cp311-cp311-macosx_11_0_arm64.whl", hash = "sha256:c5b15ed7644ae4bee0ecf74fee95808dcc34ba6ace87e8dfbf5cb0dc20eab45a"},
    {file = "coverage-7.1.0-cp311-cp311-manylinux_2_17_aarch64.manylinux2014_aarch64.whl", hash = "sha256:d12d076582507ea460ea2a89a8c85cb558f83406c8a41dd641d7be9a32e1274f"},
    {file = "coverage-7.1.0-cp311-cp311-manylinux_2_5_i686.manylinux1_i686.manylinux_2_17_i686.manylinux2014_i686.whl", hash = "sha256:e2617759031dae1bf183c16cef8fcfb3de7617f394c813fa5e8e46e9b82d4222"},
    {file = "coverage-7.1.0-cp311-cp311-manylinux_2_5_x86_64.manylinux1_x86_64.manylinux_2_17_x86_64.manylinux2014_x86_64.whl", hash = "sha256:c4e4881fa9e9667afcc742f0c244d9364d197490fbc91d12ac3b5de0bf2df146"},
    {file = "coverage-7.1.0-cp311-cp311-musllinux_1_1_aarch64.whl", hash = "sha256:9d58885215094ab4a86a6aef044e42994a2bd76a446dc59b352622655ba6621b"},
    {file = "coverage-7.1.0-cp311-cp311-musllinux_1_1_i686.whl", hash = "sha256:ffeeb38ee4a80a30a6877c5c4c359e5498eec095878f1581453202bfacc8fbc2"},
    {file = "coverage-7.1.0-cp311-cp311-musllinux_1_1_x86_64.whl", hash = "sha256:3baf5f126f30781b5e93dbefcc8271cb2491647f8283f20ac54d12161dff080e"},
    {file = "coverage-7.1.0-cp311-cp311-win32.whl", hash = "sha256:ded59300d6330be27bc6cf0b74b89ada58069ced87c48eaf9344e5e84b0072f7"},
    {file = "coverage-7.1.0-cp311-cp311-win_amd64.whl", hash = "sha256:6a43c7823cd7427b4ed763aa7fb63901ca8288591323b58c9cd6ec31ad910f3c"},
    {file = "coverage-7.1.0-cp37-cp37m-macosx_10_9_x86_64.whl", hash = "sha256:7a726d742816cb3a8973c8c9a97539c734b3a309345236cd533c4883dda05b8d"},
    {file = "coverage-7.1.0-cp37-cp37m-manylinux_2_17_aarch64.manylinux2014_aarch64.whl", hash = "sha256:bc7c85a150501286f8b56bd8ed3aa4093f4b88fb68c0843d21ff9656f0009d6a"},
    {file = "coverage-7.1.0-cp37-cp37m-manylinux_2_5_i686.manylinux1_i686.manylinux_2_17_i686.manylinux2014_i686.whl", hash = "sha256:f5b4198d85a3755d27e64c52f8c95d6333119e49fd001ae5798dac872c95e0f8"},
    {file = "coverage-7.1.0-cp37-cp37m-manylinux_2_5_x86_64.manylinux1_x86_64.manylinux_2_17_x86_64.manylinux2014_x86_64.whl", hash = "sha256:ddb726cb861c3117a553f940372a495fe1078249ff5f8a5478c0576c7be12050"},
    {file = "coverage-7.1.0-cp37-cp37m-musllinux_1_1_aarch64.whl", hash = "sha256:51b236e764840a6df0661b67e50697aaa0e7d4124ca95e5058fa3d7cbc240b7c"},
    {file = "coverage-7.1.0-cp37-cp37m-musllinux_1_1_i686.whl", hash = "sha256:7ee5c9bb51695f80878faaa5598040dd6c9e172ddcf490382e8aedb8ec3fec8d"},
    {file = "coverage-7.1.0-cp37-cp37m-musllinux_1_1_x86_64.whl", hash = "sha256:c31b75ae466c053a98bf26843563b3b3517b8f37da4d47b1c582fdc703112bc3"},
    {file = "coverage-7.1.0-cp37-cp37m-win32.whl", hash = "sha256:3b155caf3760408d1cb903b21e6a97ad4e2bdad43cbc265e3ce0afb8e0057e73"},
    {file = "coverage-7.1.0-cp37-cp37m-win_amd64.whl", hash = "sha256:2a60d6513781e87047c3e630b33b4d1e89f39836dac6e069ffee28c4786715f5"},
    {file = "coverage-7.1.0-cp38-cp38-macosx_10_9_x86_64.whl", hash = "sha256:f2cba5c6db29ce991029b5e4ac51eb36774458f0a3b8d3137241b32d1bb91f06"},
    {file = "coverage-7.1.0-cp38-cp38-macosx_11_0_arm64.whl", hash = "sha256:beeb129cacea34490ffd4d6153af70509aa3cda20fdda2ea1a2be870dfec8d52"},
    {file = "coverage-7.1.0-cp38-cp38-manylinux_2_17_aarch64.manylinux2014_aarch64.whl", hash = "sha256:0c45948f613d5d18c9ec5eaa203ce06a653334cf1bd47c783a12d0dd4fd9c851"},
    {file = "coverage-7.1.0-cp38-cp38-manylinux_2_5_i686.manylinux1_i686.manylinux_2_17_i686.manylinux2014_i686.whl", hash = "sha256:ef382417db92ba23dfb5864a3fc9be27ea4894e86620d342a116b243ade5d35d"},
    {file = "coverage-7.1.0-cp38-cp38-manylinux_2_5_x86_64.manylinux1_x86_64.manylinux_2_17_x86_64.manylinux2014_x86_64.whl", hash = "sha256:7c7c0d0827e853315c9bbd43c1162c006dd808dbbe297db7ae66cd17b07830f0"},
    {file = "coverage-7.1.0-cp38-cp38-musllinux_1_1_aarch64.whl", hash = "sha256:e5cdbb5cafcedea04924568d990e20ce7f1945a1dd54b560f879ee2d57226912"},
    {file = "coverage-7.1.0-cp38-cp38-musllinux_1_1_i686.whl", hash = "sha256:9817733f0d3ea91bea80de0f79ef971ae94f81ca52f9b66500c6a2fea8e4b4f8"},
    {file = "coverage-7.1.0-cp38-cp38-musllinux_1_1_x86_64.whl", hash = "sha256:218fe982371ac7387304153ecd51205f14e9d731b34fb0568181abaf7b443ba0"},
    {file = "coverage-7.1.0-cp38-cp38-win32.whl", hash = "sha256:04481245ef966fbd24ae9b9e537ce899ae584d521dfbe78f89cad003c38ca2ab"},
    {file = "coverage-7.1.0-cp38-cp38-win_amd64.whl", hash = "sha256:8ae125d1134bf236acba8b83e74c603d1b30e207266121e76484562bc816344c"},
    {file = "coverage-7.1.0-cp39-cp39-macosx_10_9_x86_64.whl", hash = "sha256:2bf1d5f2084c3932b56b962a683074a3692bce7cabd3aa023c987a2a8e7612f6"},
    {file = "coverage-7.1.0-cp39-cp39-macosx_11_0_arm64.whl", hash = "sha256:98b85dd86514d889a2e3dd22ab3c18c9d0019e696478391d86708b805f4ea0fa"},
    {file = "coverage-7.1.0-cp39-cp39-manylinux_2_17_aarch64.manylinux2014_aarch64.whl", hash = "sha256:38da2db80cc505a611938d8624801158e409928b136c8916cd2e203970dde4dc"},
    {file = "coverage-7.1.0-cp39-cp39-manylinux_2_5_i686.manylinux1_i686.manylinux_2_17_i686.manylinux2014_i686.whl", hash = "sha256:3164d31078fa9efe406e198aecd2a02d32a62fecbdef74f76dad6a46c7e48311"},
    {file = "coverage-7.1.0-cp39-cp39-manylinux_2_5_x86_64.manylinux1_x86_64.manylinux_2_17_x86_64.manylinux2014_x86_64.whl", hash = "sha256:db61a79c07331e88b9a9974815c075fbd812bc9dbc4dc44b366b5368a2936063"},
    {file = "coverage-7.1.0-cp39-cp39-musllinux_1_1_aarch64.whl", hash = "sha256:9ccb092c9ede70b2517a57382a601619d20981f56f440eae7e4d7eaafd1d1d09"},
    {file = "coverage-7.1.0-cp39-cp39-musllinux_1_1_i686.whl", hash = "sha256:33ff26d0f6cc3ca8de13d14fde1ff8efe1456b53e3f0273e63cc8b3c84a063d8"},
    {file = "coverage-7.1.0-cp39-cp39-musllinux_1_1_x86_64.whl", hash = "sha256:d47dd659a4ee952e90dc56c97d78132573dc5c7b09d61b416a9deef4ebe01a0c"},
    {file = "coverage-7.1.0-cp39-cp39-win32.whl", hash = "sha256:d248cd4a92065a4d4543b8331660121b31c4148dd00a691bfb7a5cdc7483cfa4"},
    {file = "coverage-7.1.0-cp39-cp39-win_amd64.whl", hash = "sha256:7ed681b0f8e8bcbbffa58ba26fcf5dbc8f79e7997595bf071ed5430d8c08d6f3"},
    {file = "coverage-7.1.0-pp37.pp38.pp39-none-any.whl", hash = "sha256:755e89e32376c850f826c425ece2c35a4fc266c081490eb0a841e7c1cb0d3bda"},
    {file = "coverage-7.1.0.tar.gz", hash = "sha256:10188fe543560ec4874f974b5305cd1a8bdcfa885ee00ea3a03733464c4ca265"},
]

[package.extras]
toml = ["tomli"]

[[package]]
name = "decorator"
version = "5.1.1"
description = "Decorators for Humans"
category = "dev"
optional = false
python-versions = ">=3.5"
files = [
    {file = "decorator-5.1.1-py3-none-any.whl", hash = "sha256:b8c3f85900b9dc423225913c5aace94729fe1fa9763b38939a95226f02d37186"},
    {file = "decorator-5.1.1.tar.gz", hash = "sha256:637996211036b6385ef91435e4fae22989472f9d571faba8927ba8253acbc330"},
]

[[package]]
name = "distlib"
version = "0.3.6"
description = "Distribution utilities"
category = "dev"
optional = false
python-versions = "*"
files = [
    {file = "distlib-0.3.6-py2.py3-none-any.whl", hash = "sha256:f35c4b692542ca110de7ef0bea44d73981caeb34ca0b9b6b2e6d7790dda8f80e"},
    {file = "distlib-0.3.6.tar.gz", hash = "sha256:14bad2d9b04d3a36127ac97f30b12a19268f211063d8f8ee4f47108896e11b46"},
]

[[package]]
name = "exceptiongroup"
version = "1.1.0"
description = "Backport of PEP 654 (exception groups)"
category = "dev"
optional = false
python-versions = ">=3.7"
files = [
    {file = "exceptiongroup-1.1.0-py3-none-any.whl", hash = "sha256:327cbda3da756e2de031a3107b81ab7b3770a602c4d16ca618298c526f4bec1e"},
    {file = "exceptiongroup-1.1.0.tar.gz", hash = "sha256:bcb67d800a4497e1b404c2dd44fca47d3b7a5e5433dbab67f96c1a685cdfdf23"},
]

[package.extras]
test = ["pytest (>=6)"]

[[package]]
name = "executing"
version = "1.2.0"
description = "Get the currently executing AST node of a frame, and other information"
category = "dev"
optional = false
python-versions = "*"
files = [
    {file = "executing-1.2.0-py2.py3-none-any.whl", hash = "sha256:0314a69e37426e3608aada02473b4161d4caf5a4b244d1d0c48072b8fee7bacc"},
    {file = "executing-1.2.0.tar.gz", hash = "sha256:19da64c18d2d851112f09c287f8d3dbbdf725ab0e569077efb6cdcbd3497c107"},
]

[package.extras]
tests = ["asttokens", "littleutils", "pytest", "rich"]

[[package]]
name = "filelock"
version = "3.9.0"
description = "A platform independent file lock."
category = "dev"
optional = false
python-versions = ">=3.7"
files = [
    {file = "filelock-3.9.0-py3-none-any.whl", hash = "sha256:f58d535af89bb9ad5cd4df046f741f8553a418c01a7856bf0d173bbc9f6bd16d"},
    {file = "filelock-3.9.0.tar.gz", hash = "sha256:7b319f24340b51f55a2bf7a12ac0755a9b03e718311dac567a0f4f7fabd2f5de"},
]

[package.extras]
docs = ["furo (>=2022.12.7)", "sphinx (>=5.3)", "sphinx-autodoc-typehints (>=1.19.5)"]
testing = ["covdefaults (>=2.2.2)", "coverage (>=7.0.1)", "pytest (>=7.2)", "pytest-cov (>=4)", "pytest-timeout (>=2.1)"]

[[package]]
name = "flake8"
version = "5.0.4"
description = "the modular source code checker: pep8 pyflakes and co"
category = "main"
optional = false
python-versions = ">=3.6.1"
files = [
    {file = "flake8-5.0.4-py2.py3-none-any.whl", hash = "sha256:7a1cf6b73744f5806ab95e526f6f0d8c01c66d7bbe349562d22dfca20610b248"},
    {file = "flake8-5.0.4.tar.gz", hash = "sha256:6fbe320aad8d6b95cec8b8e47bc933004678dc63095be98528b7bdd2a9f510db"},
]

[package.dependencies]
mccabe = ">=0.7.0,<0.8.0"
pycodestyle = ">=2.9.0,<2.10.0"
pyflakes = ">=2.5.0,<2.6.0"

[[package]]
name = "flake8-use-pathlib"
version = "0.3.0"
description = "A plugin for flake8 finding use of functions that can be replaced by pathlib module."
category = "dev"
optional = false
python-versions = ">=3.7"
files = [
    {file = "flake8-use-pathlib-0.3.0.tar.gz", hash = "sha256:0ef19f255a51601bcf04ff54f25ef8a466dff68210cd95b4f1db36a78ace5223"},
    {file = "flake8_use_pathlib-0.3.0-py3-none-any.whl", hash = "sha256:c7b6d71575b575f7d70ebf3f1d7f2dd6685e401d3280208f1db9dbb6bfa32608"},
]

[package.dependencies]
flake8 = ">=3.6"

[[package]]
name = "identify"
version = "2.5.17"
description = "File identification library for Python"
category = "dev"
optional = false
python-versions = ">=3.7"
files = [
    {file = "identify-2.5.17-py2.py3-none-any.whl", hash = "sha256:7d526dd1283555aafcc91539acc061d8f6f59adb0a7bba462735b0a318bff7ed"},
    {file = "identify-2.5.17.tar.gz", hash = "sha256:93cc61a861052de9d4c541a7acb7e3dcc9c11b398a2144f6e52ae5285f5f4f06"},
]

[package.extras]
license = ["ukkonen"]

[[package]]
name = "iniconfig"
version = "2.0.0"
description = "brain-dead simple config-ini parsing"
category = "dev"
optional = false
python-versions = ">=3.7"
files = [
    {file = "iniconfig-2.0.0-py3-none-any.whl", hash = "sha256:b6a85871a79d2e3b22d2d1b94ac2824226a63c6b741c88f7ae975f18b6778374"},
    {file = "iniconfig-2.0.0.tar.gz", hash = "sha256:2d91e135bf72d31a410b17c16da610a82cb55f6b0477d1a902134b24a455b8b3"},
]

[[package]]
name = "ipython"
version = "8.10.0"
description = "IPython: Productive Interactive Computing"
category = "dev"
optional = false
python-versions = ">=3.8"
files = [
    {file = "ipython-8.10.0-py3-none-any.whl", hash = "sha256:b38c31e8fc7eff642fc7c597061fff462537cf2314e3225a19c906b7b0d8a345"},
    {file = "ipython-8.10.0.tar.gz", hash = "sha256:b13a1d6c1f5818bd388db53b7107d17454129a70de2b87481d555daede5eb49e"},
]

[package.dependencies]
appnope = {version = "*", markers = "sys_platform == \"darwin\""}
backcall = "*"
colorama = {version = "*", markers = "sys_platform == \"win32\""}
decorator = "*"
jedi = ">=0.16"
matplotlib-inline = "*"
pexpect = {version = ">4.3", markers = "sys_platform != \"win32\""}
pickleshare = "*"
prompt-toolkit = ">=3.0.30,<3.1.0"
pygments = ">=2.4.0"
stack-data = "*"
traitlets = ">=5"

[package.extras]
all = ["black", "curio", "docrepr", "ipykernel", "ipyparallel", "ipywidgets", "matplotlib", "matplotlib (!=3.2.0)", "nbconvert", "nbformat", "notebook", "numpy (>=1.21)", "pandas", "pytest (<7)", "pytest (<7.1)", "pytest-asyncio", "qtconsole", "setuptools (>=18.5)", "sphinx (>=1.3)", "sphinx-rtd-theme", "stack-data", "testpath", "trio", "typing-extensions"]
black = ["black"]
doc = ["docrepr", "ipykernel", "matplotlib", "pytest (<7)", "pytest (<7.1)", "pytest-asyncio", "setuptools (>=18.5)", "sphinx (>=1.3)", "sphinx-rtd-theme", "stack-data", "testpath", "typing-extensions"]
kernel = ["ipykernel"]
nbconvert = ["nbconvert"]
nbformat = ["nbformat"]
notebook = ["ipywidgets", "notebook"]
parallel = ["ipyparallel"]
qtconsole = ["qtconsole"]
test = ["pytest (<7.1)", "pytest-asyncio", "testpath"]
test-extra = ["curio", "matplotlib (!=3.2.0)", "nbformat", "numpy (>=1.21)", "pandas", "pytest (<7.1)", "pytest-asyncio", "testpath", "trio"]

[[package]]
name = "jedi"
version = "0.18.2"
description = "An autocompletion tool for Python that can be used for text editors."
category = "dev"
optional = false
python-versions = ">=3.6"
files = [
    {file = "jedi-0.18.2-py2.py3-none-any.whl", hash = "sha256:203c1fd9d969ab8f2119ec0a3342e0b49910045abe6af0a3ae83a5764d54639e"},
    {file = "jedi-0.18.2.tar.gz", hash = "sha256:bae794c30d07f6d910d32a7048af09b5a39ed740918da923c6b780790ebac612"},
]

[package.dependencies]
parso = ">=0.8.0,<0.9.0"

[package.extras]
docs = ["Jinja2 (==2.11.3)", "MarkupSafe (==1.1.1)", "Pygments (==2.8.1)", "alabaster (==0.7.12)", "babel (==2.9.1)", "chardet (==4.0.0)", "commonmark (==0.8.1)", "docutils (==0.17.1)", "future (==0.18.2)", "idna (==2.10)", "imagesize (==1.2.0)", "mock (==1.0.1)", "packaging (==20.9)", "pyparsing (==2.4.7)", "pytz (==2021.1)", "readthedocs-sphinx-ext (==2.1.4)", "recommonmark (==0.5.0)", "requests (==2.25.1)", "six (==1.15.0)", "snowballstemmer (==2.1.0)", "sphinx (==1.8.5)", "sphinx-rtd-theme (==0.4.3)", "sphinxcontrib-serializinghtml (==1.1.4)", "sphinxcontrib-websupport (==1.2.4)", "urllib3 (==1.26.4)"]
qa = ["flake8 (==3.8.3)", "mypy (==0.782)"]
testing = ["Django (<3.1)", "attrs", "colorama", "docopt", "pytest (<7.0.0)"]

[[package]]
name = "matplotlib-inline"
version = "0.1.6"
description = "Inline Matplotlib backend for Jupyter"
category = "dev"
optional = false
python-versions = ">=3.5"
files = [
    {file = "matplotlib-inline-0.1.6.tar.gz", hash = "sha256:f887e5f10ba98e8d2b150ddcf4702c1e5f8b3a20005eb0f74bfdbd360ee6f304"},
    {file = "matplotlib_inline-0.1.6-py3-none-any.whl", hash = "sha256:f1f41aab5328aa5aaea9b16d083b128102f8712542f819fe7e6a420ff581b311"},
]

[package.dependencies]
traitlets = "*"

[[package]]
name = "mccabe"
version = "0.7.0"
description = "McCabe checker, plugin for flake8"
category = "main"
optional = false
python-versions = ">=3.6"
files = [
    {file = "mccabe-0.7.0-py2.py3-none-any.whl", hash = "sha256:6c2d30ab6be0e4a46919781807b4f0d834ebdd6c6e3dca0bda5a15f863427b6e"},
    {file = "mccabe-0.7.0.tar.gz", hash = "sha256:348e0240c33b60bbdf4e523192ef919f28cb2c3d7d5c7794f74009290f236325"},
]

[[package]]
name = "nodeenv"
version = "1.7.0"
description = "Node.js virtual environment builder"
category = "dev"
optional = false
python-versions = ">=2.7,!=3.0.*,!=3.1.*,!=3.2.*,!=3.3.*,!=3.4.*,!=3.5.*,!=3.6.*"
files = [
    {file = "nodeenv-1.7.0-py2.py3-none-any.whl", hash = "sha256:27083a7b96a25f2f5e1d8cb4b6317ee8aeda3bdd121394e5ac54e498028a042e"},
    {file = "nodeenv-1.7.0.tar.gz", hash = "sha256:e0e7f7dfb85fc5394c6fe1e8fa98131a2473e04311a45afb6508f7cf1836fa2b"},
]

[package.dependencies]
setuptools = "*"

[[package]]
name = "packaging"
version = "23.0"
description = "Core utilities for Python packages"
category = "dev"
optional = false
python-versions = ">=3.7"
files = [
    {file = "packaging-23.0-py3-none-any.whl", hash = "sha256:714ac14496c3e68c99c29b00845f7a2b85f3bb6f1078fd9f72fd20f0570002b2"},
    {file = "packaging-23.0.tar.gz", hash = "sha256:b6ad297f8907de0fa2fe1ccbd26fdaf387f5f47c7275fedf8cce89f99446cf97"},
]

[[package]]
name = "parso"
version = "0.8.3"
description = "A Python Parser"
category = "dev"
optional = false
python-versions = ">=3.6"
files = [
    {file = "parso-0.8.3-py2.py3-none-any.whl", hash = "sha256:c001d4636cd3aecdaf33cbb40aebb59b094be2a74c556778ef5576c175e19e75"},
    {file = "parso-0.8.3.tar.gz", hash = "sha256:8c07be290bb59f03588915921e29e8a50002acaf2cdc5fa0e0114f91709fafa0"},
]

[package.extras]
qa = ["flake8 (==3.8.3)", "mypy (==0.782)"]
testing = ["docopt", "pytest (<6.0.0)"]

[[package]]
name = "pexpect"
version = "4.8.0"
description = "Pexpect allows easy control of interactive console applications."
category = "dev"
optional = false
python-versions = "*"
files = [
    {file = "pexpect-4.8.0-py2.py3-none-any.whl", hash = "sha256:0b48a55dcb3c05f3329815901ea4fc1537514d6ba867a152b581d69ae3710937"},
    {file = "pexpect-4.8.0.tar.gz", hash = "sha256:fc65a43959d153d0114afe13997d439c22823a27cefceb5ff35c2178c6784c0c"},
]

[package.dependencies]
ptyprocess = ">=0.5"

[[package]]
name = "pickleshare"
version = "0.7.5"
description = "Tiny 'shelve'-like database with concurrency support"
category = "dev"
optional = false
python-versions = "*"
files = [
    {file = "pickleshare-0.7.5-py2.py3-none-any.whl", hash = "sha256:9649af414d74d4df115d5d718f82acb59c9d418196b7b4290ed47a12ce62df56"},
    {file = "pickleshare-0.7.5.tar.gz", hash = "sha256:87683d47965c1da65cdacaf31c8441d12b8044cdec9aca500cd78fc2c683afca"},
]

[[package]]
name = "platformdirs"
version = "3.0.0"
description = "A small Python package for determining appropriate platform-specific dirs, e.g. a \"user data dir\"."
category = "dev"
optional = false
python-versions = ">=3.7"
files = [
    {file = "platformdirs-3.0.0-py3-none-any.whl", hash = "sha256:b1d5eb14f221506f50d6604a561f4c5786d9e80355219694a1b244bcd96f4567"},
    {file = "platformdirs-3.0.0.tar.gz", hash = "sha256:8a1228abb1ef82d788f74139988b137e78692984ec7b08eaa6c65f1723af28f9"},
]

[package.extras]
docs = ["furo (>=2022.12.7)", "proselint (>=0.13)", "sphinx (>=6.1.3)", "sphinx-autodoc-typehints (>=1.22,!=1.23.4)"]
test = ["appdirs (==1.4.4)", "covdefaults (>=2.2.2)", "pytest (>=7.2.1)", "pytest-cov (>=4)", "pytest-mock (>=3.10)"]

[[package]]
name = "pluggy"
version = "1.0.0"
description = "plugin and hook calling mechanisms for python"
category = "dev"
optional = false
python-versions = ">=3.6"
files = [
    {file = "pluggy-1.0.0-py2.py3-none-any.whl", hash = "sha256:74134bbf457f031a36d68416e1509f34bd5ccc019f0bcc952c7b909d06b37bd3"},
    {file = "pluggy-1.0.0.tar.gz", hash = "sha256:4224373bacce55f955a878bf9cfa763c1e360858e330072059e10bad68531159"},
]

[package.extras]
dev = ["pre-commit", "tox"]
testing = ["pytest", "pytest-benchmark"]

[[package]]
name = "pre-commit"
version = "3.0.4"
description = "A framework for managing and maintaining multi-language pre-commit hooks."
category = "dev"
optional = false
python-versions = ">=3.8"
files = [
    {file = "pre_commit-3.0.4-py2.py3-none-any.whl", hash = "sha256:9e3255edb0c9e7fe9b4f328cb3dc86069f8fdc38026f1bf521018a05eaf4d67b"},
    {file = "pre_commit-3.0.4.tar.gz", hash = "sha256:bc4687478d55578c4ac37272fe96df66f73d9b5cf81be6f28627d4e712e752d5"},
]

[package.dependencies]
cfgv = ">=2.0.0"
identify = ">=1.0.0"
nodeenv = ">=0.11.1"
pyyaml = ">=5.1"
virtualenv = ">=20.10.0"

[[package]]
name = "prompt-toolkit"
version = "3.0.36"
description = "Library for building powerful interactive command lines in Python"
category = "dev"
optional = false
python-versions = ">=3.6.2"
files = [
    {file = "prompt_toolkit-3.0.36-py3-none-any.whl", hash = "sha256:aa64ad242a462c5ff0363a7b9cfe696c20d55d9fc60c11fd8e632d064804d305"},
    {file = "prompt_toolkit-3.0.36.tar.gz", hash = "sha256:3e163f254bef5a03b146397d7c1963bd3e2812f0964bb9a24e6ec761fd28db63"},
]

[package.dependencies]
wcwidth = "*"

[[package]]
name = "ptyprocess"
version = "0.7.0"
description = "Run a subprocess in a pseudo terminal"
category = "dev"
optional = false
python-versions = "*"
files = [
    {file = "ptyprocess-0.7.0-py2.py3-none-any.whl", hash = "sha256:4b41f3967fce3af57cc7e94b888626c18bf37a083e3651ca8feeb66d492fef35"},
    {file = "ptyprocess-0.7.0.tar.gz", hash = "sha256:5c5d0a3b48ceee0b48485e0c26037c0acd7d29765ca3fbb5cb3831d347423220"},
]

[[package]]
name = "pure-eval"
version = "0.2.2"
description = "Safely evaluate AST nodes without side effects"
category = "dev"
optional = false
python-versions = "*"
files = [
    {file = "pure_eval-0.2.2-py3-none-any.whl", hash = "sha256:01eaab343580944bc56080ebe0a674b39ec44a945e6d09ba7db3cb8cec289350"},
    {file = "pure_eval-0.2.2.tar.gz", hash = "sha256:2b45320af6dfaa1750f543d714b6d1c520a1688dec6fd24d339063ce0aaa9ac3"},
]

[package.extras]
tests = ["pytest"]

[[package]]
name = "pycodestyle"
version = "2.9.1"
description = "Python style guide checker"
category = "main"
optional = false
python-versions = ">=3.6"
files = [
    {file = "pycodestyle-2.9.1-py2.py3-none-any.whl", hash = "sha256:d1735fc58b418fd7c5f658d28d943854f8a849b01a5d0a1e6f3f3fdd0166804b"},
    {file = "pycodestyle-2.9.1.tar.gz", hash = "sha256:2c9607871d58c76354b697b42f5d57e1ada7d261c261efac224b664affdc5785"},
]

[[package]]
name = "pyflakes"
version = "2.5.0"
description = "passive checker of Python programs"
category = "main"
optional = false
python-versions = ">=3.6"
files = [
    {file = "pyflakes-2.5.0-py2.py3-none-any.whl", hash = "sha256:4579f67d887f804e67edb544428f264b7b24f435b263c4614f384135cea553d2"},
    {file = "pyflakes-2.5.0.tar.gz", hash = "sha256:491feb020dca48ccc562a8c0cbe8df07ee13078df59813b83959cbdada312ea3"},
]

[[package]]
name = "pygments"
version = "2.14.0"
description = "Pygments is a syntax highlighting package written in Python."
category = "dev"
optional = false
python-versions = ">=3.6"
files = [
    {file = "Pygments-2.14.0-py3-none-any.whl", hash = "sha256:fa7bd7bd2771287c0de303af8bfdfc731f51bd2c6a47ab69d117138893b82717"},
    {file = "Pygments-2.14.0.tar.gz", hash = "sha256:b3ed06a9e8ac9a9aae5a6f5dbe78a8a58655d17b43b93c078f094ddc476ae297"},
]

[package.extras]
plugins = ["importlib-metadata"]

[[package]]
name = "pytest"
version = "7.2.1"
description = "pytest: simple powerful testing with Python"
category = "dev"
optional = false
python-versions = ">=3.7"
files = [
    {file = "pytest-7.2.1-py3-none-any.whl", hash = "sha256:c7c6ca206e93355074ae32f7403e8ea12163b1163c976fee7d4d84027c162be5"},
    {file = "pytest-7.2.1.tar.gz", hash = "sha256:d45e0952f3727241918b8fd0f376f5ff6b301cc0777c6f9a556935c92d8a7d42"},
]

[package.dependencies]
attrs = ">=19.2.0"
colorama = {version = "*", markers = "sys_platform == \"win32\""}
exceptiongroup = {version = ">=1.0.0rc8", markers = "python_version < \"3.11\""}
iniconfig = "*"
packaging = "*"
pluggy = ">=0.12,<2.0"
tomli = {version = ">=1.0.0", markers = "python_version < \"3.11\""}

[package.extras]
testing = ["argcomplete", "hypothesis (>=3.56)", "mock", "nose", "pygments (>=2.7.2)", "requests", "xmlschema"]

[[package]]
name = "pytest-flake8-path"
version = "1.3.0"
description = "A pytest fixture for testing flake8 plugins."
category = "dev"
optional = false
python-versions = ">=3.7"
files = [
    {file = "pytest-flake8-path-1.3.0.tar.gz", hash = "sha256:a3ddf053b56dbd1981f0e74ca02041e18f4e9f82435052358ffd2c147bf5a461"},
    {file = "pytest_flake8_path-1.3.0-py3-none-any.whl", hash = "sha256:a1f6a7f045e73b3400a59ad1a874dad39636a8d6bedef6e962396f863e05a4ac"},
]

[package.dependencies]
flake8 = "*"
pytest = "*"

[[package]]
name = "pyyaml"
version = "6.0"
description = "YAML parser and emitter for Python"
category = "dev"
optional = false
python-versions = ">=3.6"
files = [
    {file = "PyYAML-6.0-cp310-cp310-macosx_10_9_x86_64.whl", hash = "sha256:d4db7c7aef085872ef65a8fd7d6d09a14ae91f691dec3e87ee5ee0539d516f53"},
    {file = "PyYAML-6.0-cp310-cp310-macosx_11_0_arm64.whl", hash = "sha256:9df7ed3b3d2e0ecfe09e14741b857df43adb5a3ddadc919a2d94fbdf78fea53c"},
    {file = "PyYAML-6.0-cp310-cp310-manylinux_2_17_aarch64.manylinux2014_aarch64.whl", hash = "sha256:77f396e6ef4c73fdc33a9157446466f1cff553d979bd00ecb64385760c6babdc"},
    {file = "PyYAML-6.0-cp310-cp310-manylinux_2_17_s390x.manylinux2014_s390x.whl", hash = "sha256:a80a78046a72361de73f8f395f1f1e49f956c6be882eed58505a15f3e430962b"},
    {file = "PyYAML-6.0-cp310-cp310-manylinux_2_5_x86_64.manylinux1_x86_64.manylinux_2_12_x86_64.manylinux2010_x86_64.whl", hash = "sha256:f84fbc98b019fef2ee9a1cb3ce93e3187a6df0b2538a651bfb890254ba9f90b5"},
    {file = "PyYAML-6.0-cp310-cp310-win32.whl", hash = "sha256:2cd5df3de48857ed0544b34e2d40e9fac445930039f3cfe4bcc592a1f836d513"},
    {file = "PyYAML-6.0-cp310-cp310-win_amd64.whl", hash = "sha256:daf496c58a8c52083df09b80c860005194014c3698698d1a57cbcfa182142a3a"},
    {file = "PyYAML-6.0-cp311-cp311-macosx_10_9_x86_64.whl", hash = "sha256:d4b0ba9512519522b118090257be113b9468d804b19d63c71dbcf4a48fa32358"},
    {file = "PyYAML-6.0-cp311-cp311-macosx_11_0_arm64.whl", hash = "sha256:81957921f441d50af23654aa6c5e5eaf9b06aba7f0a19c18a538dc7ef291c5a1"},
    {file = "PyYAML-6.0-cp311-cp311-manylinux_2_17_aarch64.manylinux2014_aarch64.whl", hash = "sha256:afa17f5bc4d1b10afd4466fd3a44dc0e245382deca5b3c353d8b757f9e3ecb8d"},
    {file = "PyYAML-6.0-cp311-cp311-manylinux_2_17_s390x.manylinux2014_s390x.whl", hash = "sha256:dbad0e9d368bb989f4515da330b88a057617d16b6a8245084f1b05400f24609f"},
    {file = "PyYAML-6.0-cp311-cp311-manylinux_2_17_x86_64.manylinux2014_x86_64.whl", hash = "sha256:432557aa2c09802be39460360ddffd48156e30721f5e8d917f01d31694216782"},
    {file = "PyYAML-6.0-cp311-cp311-win32.whl", hash = "sha256:bfaef573a63ba8923503d27530362590ff4f576c626d86a9fed95822a8255fd7"},
    {file = "PyYAML-6.0-cp311-cp311-win_amd64.whl", hash = "sha256:01b45c0191e6d66c470b6cf1b9531a771a83c1c4208272ead47a3ae4f2f603bf"},
    {file = "PyYAML-6.0-cp36-cp36m-macosx_10_9_x86_64.whl", hash = "sha256:897b80890765f037df3403d22bab41627ca8811ae55e9a722fd0392850ec4d86"},
    {file = "PyYAML-6.0-cp36-cp36m-manylinux_2_17_aarch64.manylinux2014_aarch64.whl", hash = "sha256:50602afada6d6cbfad699b0c7bb50d5ccffa7e46a3d738092afddc1f9758427f"},
    {file = "PyYAML-6.0-cp36-cp36m-manylinux_2_17_s390x.manylinux2014_s390x.whl", hash = "sha256:48c346915c114f5fdb3ead70312bd042a953a8ce5c7106d5bfb1a5254e47da92"},
    {file = "PyYAML-6.0-cp36-cp36m-manylinux_2_5_x86_64.manylinux1_x86_64.manylinux_2_12_x86_64.manylinux2010_x86_64.whl", hash = "sha256:98c4d36e99714e55cfbaaee6dd5badbc9a1ec339ebfc3b1f52e293aee6bb71a4"},
    {file = "PyYAML-6.0-cp36-cp36m-win32.whl", hash = "sha256:0283c35a6a9fbf047493e3a0ce8d79ef5030852c51e9d911a27badfde0605293"},
    {file = "PyYAML-6.0-cp36-cp36m-win_amd64.whl", hash = "sha256:07751360502caac1c067a8132d150cf3d61339af5691fe9e87803040dbc5db57"},
    {file = "PyYAML-6.0-cp37-cp37m-macosx_10_9_x86_64.whl", hash = "sha256:819b3830a1543db06c4d4b865e70ded25be52a2e0631ccd2f6a47a2822f2fd7c"},
    {file = "PyYAML-6.0-cp37-cp37m-manylinux_2_17_aarch64.manylinux2014_aarch64.whl", hash = "sha256:473f9edb243cb1935ab5a084eb238d842fb8f404ed2193a915d1784b5a6b5fc0"},
    {file = "PyYAML-6.0-cp37-cp37m-manylinux_2_17_s390x.manylinux2014_s390x.whl", hash = "sha256:0ce82d761c532fe4ec3f87fc45688bdd3a4c1dc5e0b4a19814b9009a29baefd4"},
    {file = "PyYAML-6.0-cp37-cp37m-manylinux_2_5_x86_64.manylinux1_x86_64.manylinux_2_12_x86_64.manylinux2010_x86_64.whl", hash = "sha256:231710d57adfd809ef5d34183b8ed1eeae3f76459c18fb4a0b373ad56bedcdd9"},
    {file = "PyYAML-6.0-cp37-cp37m-win32.whl", hash = "sha256:c5687b8d43cf58545ade1fe3e055f70eac7a5a1a0bf42824308d868289a95737"},
    {file = "PyYAML-6.0-cp37-cp37m-win_amd64.whl", hash = "sha256:d15a181d1ecd0d4270dc32edb46f7cb7733c7c508857278d3d378d14d606db2d"},
    {file = "PyYAML-6.0-cp38-cp38-macosx_10_9_x86_64.whl", hash = "sha256:0b4624f379dab24d3725ffde76559cff63d9ec94e1736b556dacdfebe5ab6d4b"},
    {file = "PyYAML-6.0-cp38-cp38-manylinux_2_17_aarch64.manylinux2014_aarch64.whl", hash = "sha256:213c60cd50106436cc818accf5baa1aba61c0189ff610f64f4a3e8c6726218ba"},
    {file = "PyYAML-6.0-cp38-cp38-manylinux_2_17_s390x.manylinux2014_s390x.whl", hash = "sha256:9fa600030013c4de8165339db93d182b9431076eb98eb40ee068700c9c813e34"},
    {file = "PyYAML-6.0-cp38-cp38-manylinux_2_5_x86_64.manylinux1_x86_64.manylinux_2_12_x86_64.manylinux2010_x86_64.whl", hash = "sha256:277a0ef2981ca40581a47093e9e2d13b3f1fbbeffae064c1d21bfceba2030287"},
    {file = "PyYAML-6.0-cp38-cp38-win32.whl", hash = "sha256:d4eccecf9adf6fbcc6861a38015c2a64f38b9d94838ac1810a9023a0609e1b78"},
    {file = "PyYAML-6.0-cp38-cp38-win_amd64.whl", hash = "sha256:1e4747bc279b4f613a09eb64bba2ba602d8a6664c6ce6396a4d0cd413a50ce07"},
    {file = "PyYAML-6.0-cp39-cp39-macosx_10_9_x86_64.whl", hash = "sha256:055d937d65826939cb044fc8c9b08889e8c743fdc6a32b33e2390f66013e449b"},
    {file = "PyYAML-6.0-cp39-cp39-macosx_11_0_arm64.whl", hash = "sha256:e61ceaab6f49fb8bdfaa0f92c4b57bcfbea54c09277b1b4f7ac376bfb7a7c174"},
    {file = "PyYAML-6.0-cp39-cp39-manylinux_2_17_aarch64.manylinux2014_aarch64.whl", hash = "sha256:d67d839ede4ed1b28a4e8909735fc992a923cdb84e618544973d7dfc71540803"},
    {file = "PyYAML-6.0-cp39-cp39-manylinux_2_17_s390x.manylinux2014_s390x.whl", hash = "sha256:cba8c411ef271aa037d7357a2bc8f9ee8b58b9965831d9e51baf703280dc73d3"},
    {file = "PyYAML-6.0-cp39-cp39-manylinux_2_5_x86_64.manylinux1_x86_64.manylinux_2_12_x86_64.manylinux2010_x86_64.whl", hash = "sha256:40527857252b61eacd1d9af500c3337ba8deb8fc298940291486c465c8b46ec0"},
    {file = "PyYAML-6.0-cp39-cp39-win32.whl", hash = "sha256:b5b9eccad747aabaaffbc6064800670f0c297e52c12754eb1d976c57e4f74dcb"},
    {file = "PyYAML-6.0-cp39-cp39-win_amd64.whl", hash = "sha256:b3d267842bf12586ba6c734f89d1f5b871df0273157918b0ccefa29deb05c21c"},
    {file = "PyYAML-6.0.tar.gz", hash = "sha256:68fb519c14306fec9720a2a5b45bc9f0c8d1b9c72adf45c37baedfcd949c35a2"},
]

[[package]]
name = "setuptools"
version = "67.2.0"
description = "Easily download, build, install, upgrade, and uninstall Python packages"
category = "dev"
optional = false
python-versions = ">=3.7"
files = [
    {file = "setuptools-67.2.0-py3-none-any.whl", hash = "sha256:16ccf598aab3b506593c17378473978908a2734d7336755a8769b480906bec1c"},
    {file = "setuptools-67.2.0.tar.gz", hash = "sha256:b440ee5f7e607bb8c9de15259dba2583dd41a38879a7abc1d43a71c59524da48"},
]

[package.extras]
docs = ["furo", "jaraco.packaging (>=9)", "jaraco.tidelift (>=1.4)", "pygments-github-lexers (==0.0.5)", "rst.linker (>=1.9)", "sphinx (>=3.5)", "sphinx-favicon", "sphinx-hoverxref (<2)", "sphinx-inline-tabs", "sphinx-lint", "sphinx-notfound-page (==0.8.3)", "sphinx-reredirects", "sphinxcontrib-towncrier"]
testing = ["build[virtualenv]", "filelock (>=3.4.0)", "flake8 (<5)", "flake8-2020", "ini2toml[lite] (>=0.9)", "jaraco.envs (>=2.2)", "jaraco.path (>=3.2.0)", "pip (>=19.1)", "pip-run (>=8.8)", "pytest (>=6)", "pytest-black (>=0.3.7)", "pytest-checkdocs (>=2.4)", "pytest-cov", "pytest-enabler (>=1.3)", "pytest-flake8", "pytest-mypy (>=0.9.1)", "pytest-perf", "pytest-timeout", "pytest-xdist", "tomli-w (>=1.0.0)", "virtualenv (>=13.0.0)", "wheel"]
testing-integration = ["build[virtualenv]", "filelock (>=3.4.0)", "jaraco.envs (>=2.2)", "jaraco.path (>=3.2.0)", "pytest", "pytest-enabler", "pytest-xdist", "tomli", "virtualenv (>=13.0.0)", "wheel"]

[[package]]
name = "six"
version = "1.16.0"
description = "Python 2 and 3 compatibility utilities"
category = "dev"
optional = false
python-versions = ">=2.7, !=3.0.*, !=3.1.*, !=3.2.*"
files = [
    {file = "six-1.16.0-py2.py3-none-any.whl", hash = "sha256:8abb2f1d86890a2dfb989f9a77cfcfd3e47c2a354b01111771326f8aa26e0254"},
    {file = "six-1.16.0.tar.gz", hash = "sha256:1e61c37477a1626458e36f7b1d82aa5c9b094fa4802892072e49de9c60c4c926"},
]

[[package]]
name = "stack-data"
version = "0.6.2"
description = "Extract data from python stack frames and tracebacks for informative displays"
category = "dev"
optional = false
python-versions = "*"
files = [
    {file = "stack_data-0.6.2-py3-none-any.whl", hash = "sha256:cbb2a53eb64e5785878201a97ed7c7b94883f48b87bfb0bbe8b623c74679e4a8"},
    {file = "stack_data-0.6.2.tar.gz", hash = "sha256:32d2dd0376772d01b6cb9fc996f3c8b57a357089dec328ed4b6553d037eaf815"},
]

[package.dependencies]
asttokens = ">=2.1.0"
executing = ">=1.2.0"
pure-eval = "*"

[package.extras]
tests = ["cython", "littleutils", "pygments", "pytest", "typeguard"]

[[package]]
name = "tomli"
version = "2.0.1"
description = "A lil' TOML parser"
category = "dev"
optional = false
python-versions = ">=3.7"
files = [
    {file = "tomli-2.0.1-py3-none-any.whl", hash = "sha256:939de3e7a6161af0c887ef91b7d41a53e7c5a1ca976325f429cb46ea9bc30ecc"},
    {file = "tomli-2.0.1.tar.gz", hash = "sha256:de526c12914f0c550d15924c62d72abc48d6fe7364aa87328337a31007fe8a4f"},
]

[[package]]
name = "traitlets"
version = "5.9.0"
description = "Traitlets Python configuration system"
category = "dev"
optional = false
python-versions = ">=3.7"
files = [
    {file = "traitlets-5.9.0-py3-none-any.whl", hash = "sha256:9e6ec080259b9a5940c797d58b613b5e31441c2257b87c2e795c5228ae80d2d8"},
    {file = "traitlets-5.9.0.tar.gz", hash = "sha256:f6cde21a9c68cf756af02035f72d5a723bf607e862e7be33ece505abf4a3bad9"},
]

[package.extras]
docs = ["myst-parser", "pydata-sphinx-theme", "sphinx"]
test = ["argcomplete (>=2.0)", "pre-commit", "pytest", "pytest-mock"]

[[package]]
name = "virtualenv"
version = "20.19.0"
description = "Virtual Python Environment builder"
category = "dev"
optional = false
python-versions = ">=3.7"
files = [
    {file = "virtualenv-20.19.0-py3-none-any.whl", hash = "sha256:54eb59e7352b573aa04d53f80fc9736ed0ad5143af445a1e539aada6eb947dd1"},
    {file = "virtualenv-20.19.0.tar.gz", hash = "sha256:37a640ba82ed40b226599c522d411e4be5edb339a0c0de030c0dc7b646d61590"},
]

[package.dependencies]
distlib = ">=0.3.6,<1"
filelock = ">=3.4.1,<4"
platformdirs = ">=2.4,<4"

[package.extras]
docs = ["furo (>=2022.12.7)", "proselint (>=0.13)", "sphinx (>=6.1.3)", "sphinx-argparse (>=0.4)", "sphinxcontrib-towncrier (>=0.2.1a0)", "towncrier (>=22.12)"]
test = ["covdefaults (>=2.2.2)", "coverage (>=7.1)", "coverage-enable-subprocess (>=1)", "flaky (>=3.7)", "packaging (>=23)", "pytest (>=7.2.1)", "pytest-env (>=0.8.1)", "pytest-freezegun (>=0.4.2)", "pytest-mock (>=3.10)", "pytest-randomly (>=3.12)", "pytest-timeout (>=2.1)"]

[[package]]
name = "wcwidth"
version = "0.2.6"
description = "Measures the displayed width of unicode strings in a terminal"
category = "dev"
optional = false
python-versions = "*"
files = [
    {file = "wcwidth-0.2.6-py2.py3-none-any.whl", hash = "sha256:795b138f6875577cd91bba52baf9e445cd5118fd32723b460e30a0af30ea230e"},
    {file = "wcwidth-0.2.6.tar.gz", hash = "sha256:a5220780a404dbe3353789870978e472cfe477761f06ee55077256e509b156d0"},
]

[metadata]
lock-version = "2.0"
python-versions = '>=3.8'
content-hash = "fc29baa07456bcdac7221d0392dc90f69729d0222196360c4f955fb144483603"
